
Microsoft Visual Studio Solution File, Format Version 12.00
# Visual Studio 15
VisualStudioVersion = 15.0.26730.16
MinimumVisualStudioVersion = 10.0.40219.1
Project("{FAE04EC0-301F-11D3-BF4B-00C04F79EFBC}") = "StringReverse", "StringReverse\StringReverse.csproj", "{4A7A8A36-62D0-48AF-8F59-7D169F8B74A8}"
EndProject
Global
	GlobalSection(SolutionConfigurationPlatforms) = preSolution
		Debug|Any CPU = Debug|Any CPU
		Release|Any CPU = Release|Any CPU
	EndGlobalSection
	GlobalSection(ProjectConfigurationPlatforms) = postSolution
		{4A7A8A36-62D0-48AF-8F59-7D169F8B74A8}.Debug|Any CPU.ActiveCfg = Debug|Any CPU
		{4A7A8A36-62D0-48AF-8F59-7D169F8B74A8}.Debug|Any CPU.Build.0 = Debug|Any CPU
		{4A7A8A36-62D0-48AF-8F59-7D169F8B74A8}.Release|Any CPU.ActiveCfg = Release|Any CPU
		{4A7A8A36-62D0-48AF-8F59-7D169F8B74A8}.Release|Any CPU.Build.0 = Release|Any CPU
	EndGlobalSection
	GlobalSection(SolutionProperties) = preSolution
		HideSolutionNode = FALSE
	EndGlobalSection
	GlobalSection(ExtensibilityGlobals) = postSolution
		SolutionGuid = {6C30B2FC-9A85-4405-A439-AF4C24F603D9}
	EndGlobalSection
EndGlobal
